{
  "name": "test",
  "version": "1.0.0",
  "lockfileVersion": 3,
  "requires": true,
  "packages": {
    "": {
      "name": "test",
      "version": "1.0.0",
      "license": "MIT",
      "dependencies": {
        "@farar/nexus": ".."
      },
      "devDependencies": {
        "typescript": "^5.8.2"
      }
    },
    "..": {
      "name": "@farar/nexus",
      "version": "0.0.1",
      "license": "MIT",
      "dependencies": {
        "@cartesia/cartesia-js": "^2.1.10",
        "@deepgram/sdk": "^3.11.2",
        "openai": "^4.89.0",
        "streams-logger": "^1.6.0",
        "telnyx": "^2.0.0",
        "typescript": "^5.7.3",
        "ws": "^8.18.1"
      },
      "devDependencies": {
        "@eslint/js": "^9.6.0",
        "@types/eslint__js": "^8.42.3",
        "@types/node": "^20.11.28",
        "@types/ws": "^8.5.14",
        "eslint": "^8.57.0",
        "typescript": "^5.7.2",
        "typescript-eslint": "^7.15.0"
      },
      "engines": {
        "node": ">=18.20.4",
        "npm": ">=10.2.3"
      }
    },
    "node_modules/@farar/nexus": {
      "resolved": "..",
      "link": true
    },
    "node_modules/typescript": {
      "version": "5.8.2",
      "resolved": "https://registry.npmjs.org/typescript/-/typescript-5.8.2.tgz",
      "integrity": "sha512-aJn6wq13/afZp/jT9QZmwEjDqqvSGp1VT5GVg+f/t6/oVyrgXM6BY1h9BRh/O5p3PlUPAe+WuiEZOmb/49RqoQ==",
      "dev": true,
      "license": "Apache-2.0",
      "bin": {
        "tsc": "bin/tsc",
        "tsserver": "bin/tsserver"
      },
      "engines": {
        "node": ">=14.17"
      }
    }
  }
}
